
Microsoft Visual Studio Solution File, Format Version 12.00
# Visual Studio Version 16
VisualStudioVersion = 16.0.31105.61
MinimumVisualStudioVersion = 10.0.40219.1
Project("{FAE04EC0-301F-11D3-BF4B-00C04F79EFBC}") = "Actividad_03", "Actividad_03.csproj", "{111875D5-39AD-4C38-A696-FFED7F7C63A4}"
EndProject
Global
	GlobalSection(SolutionConfigurationPlatforms) = preSolution
		Debug|Any CPU = Debug|Any CPU
		Release|Any CPU = Release|Any CPU
	EndGlobalSection
	GlobalSection(ProjectConfigurationPlatforms) = postSolution
		{111875D5-39AD-4C38-A696-FFED7F7C63A4}.Debug|Any CPU.ActiveCfg = Debug|Any CPU
		{111875D5-39AD-4C38-A696-FFED7F7C63A4}.Debug|Any CPU.Build.0 = Debug|Any CPU
		{111875D5-39AD-4C38-A696-FFED7F7C63A4}.Release|Any CPU.ActiveCfg = Release|Any CPU
		{111875D5-39AD-4C38-A696-FFED7F7C63A4}.Release|Any CPU.Build.0 = Release|Any CPU
	EndGlobalSection
	GlobalSection(SolutionProperties) = preSolution
		HideSolutionNode = FALSE
	EndGlobalSection
	GlobalSection(ExtensibilityGlobals) = postSolution
		SolutionGuid = {DEBC6631-EBB7-4AC9-AF30-FE8EED96A4E3}
	EndGlobalSection
EndGlobal
